
Microsoft Visual Studio Solution File, Format Version 12.00
# Visual Studio Version 16
VisualStudioVersion = 16.0.31624.102
MinimumVisualStudioVersion = 10.0.40219.1
Project("{9A19103F-16F7-4668-BE54-9A1E7A4F7556}") = "WebApiRestFul", "..\WebApiRestFul\WebApiRestFul.csproj", "{E31E1D7F-0778-4672-A941-488C9BDB97B9}"
EndProject
Project("{9A19103F-16F7-4668-BE54-9A1E7A4F7556}") = "ClinicProject", "ClinicProject.csproj", "{40330200-1DDB-4405-9F7E-7811418463A1}"
EndProject
Global
	GlobalSection(SolutionConfigurationPlatforms) = preSolution
		Debug|Any CPU = Debug|Any CPU
		Release|Any CPU = Release|Any CPU
	EndGlobalSection
	GlobalSection(ProjectConfigurationPlatforms) = postSolution
		{E31E1D7F-0778-4672-A941-488C9BDB97B9}.Debug|Any CPU.ActiveCfg = Debug|Any CPU
		{E31E1D7F-0778-4672-A941-488C9BDB97B9}.Debug|Any CPU.Build.0 = Debug|Any CPU
		{E31E1D7F-0778-4672-A941-488C9BDB97B9}.Release|Any CPU.ActiveCfg = Release|Any CPU
		{E31E1D7F-0778-4672-A941-488C9BDB97B9}.Release|Any CPU.Build.0 = Release|Any CPU
		{40330200-1DDB-4405-9F7E-7811418463A1}.Debug|Any CPU.ActiveCfg = Debug|Any CPU
		{40330200-1DDB-4405-9F7E-7811418463A1}.Debug|Any CPU.Build.0 = Debug|Any CPU
		{40330200-1DDB-4405-9F7E-7811418463A1}.Release|Any CPU.ActiveCfg = Release|Any CPU
		{40330200-1DDB-4405-9F7E-7811418463A1}.Release|Any CPU.Build.0 = Release|Any CPU
	EndGlobalSection
	GlobalSection(SolutionProperties) = preSolution
		HideSolutionNode = FALSE
	EndGlobalSection
	GlobalSection(ExtensibilityGlobals) = postSolution
		SolutionGuid = {804CCECD-E152-41FF-8D5C-7858D0EB424A}
	EndGlobalSection
EndGlobal
